// !$*UTF8*$!
{
	archiveVersion = 1;
	classes = {
	};
	objectVersion = 46;
	objects = {

/* Begin PBXBuildFile section */
		04B4BE521A8E34A7003F2688 /* main.m in Sources */ = {isa = PBXBuildFile; fileRef = 04B4BE511A8E34A7003F2688 /* main.m */; };
		04B4BE551A8E34A7003F2688 /* AppDelegate.m in Sources */ = {isa = PBXBuildFile; fileRef = 04B4BE541A8E34A7003F2688 /* AppDelegate.m */; };
		04B4BE581A8E34A7003F2688 /* ViewController.m in Sources */ = {isa = PBXBuildFile; fileRef = 04B4BE571A8E34A7003F2688 /* ViewController.m */; };
		04B4BE5B1A8E34A7003F2688 /* Main.storyboard in Resources */ = {isa = PBXBuildFile; fileRef = 04B4BE591A8E34A7003F2688 /* Main.storyboard */; };
		04B4BE5D1A8E34A7003F2688 /* Images.xcassets in Resources */ = {isa = PBXBuildFile; fileRef = 04B4BE5C1A8E34A7003F2688 /* Images.xcassets */; };
		04B4BE601A8E34A7003F2688 /* LaunchScreen.xib in Resources */ = {isa = PBXBuildFile; fileRef = 04B4BE5E1A8E34A7003F2688 /* LaunchScreen.xib */; };
		04B4BE6C1A8E34A7003F2688 /* nilprojectTests.m in Sources */ = {isa = PBXBuildFile; fileRef = 04B4BE6B1A8E34A7003F2688 /* nilprojectTests.m */; };
/* End PBXBuildFile section */

/* Begin PBXContainerItemProxy section */
		04B4BE661A8E34A7003F2688 /* PBXContainerItemProxy */ = {
			isa = PBXContainerItemProxy;
			containerPortal = 04B4BE441A8E34A7003F2688 /* Project object */;
			proxyType = 1;
			remoteGlobalIDString = 04B4BE4B1A8E34A7003F2688;
			remoteInfo = nilproject;
		};
/* End PBXContainerItemProxy section */

/* Begin PBXFileReference section */
		04B4BE4C1A8E34A7003F2688 /* nilproject.app */ = {isa = PBXFileReference; explicitFileType = wrapper.application; includeInIndex = 0; path = nilproject.app; sourceTree = BUILT_PRODUCTS_DIR; };
		04B4BE501A8E34A7003F2688 /* Info.plist */ = {isa = PBXFileReference; lastKnownFileType = text.plist.xml; path = Info.plist; sourceTree = "<group>"; };
		04B4BE511A8E34A7003F2688 /* main.m */ = {isa = PBXFileReference; lastKnownFileType = sourcecode.c.objc; path = main.m; sourceTree = "<group>"; };
		04B4BE531A8E34A7003F2688 /* AppDelegate.h */ = {isa = PBXFileReference; lastKnownFileType = sourcecode.c.h; path = AppDelegate.h; sourceTree = "<group>"; };
		04B4BE541A8E34A7003F2688 /* AppDelegate.m */ = {isa = PBXFileReference; lastKnownFileType = sourcecode.c.objc; path = AppDelegate.m; sourceTree = "<group>"; };
		04B4BE561A8E34A7003F2688 /* ViewController.h */ = {isa = PBXFileReference; lastKnownFileType = sourcecode.c.h; path = ViewController.h; sourceTree = "<group>"; };
		04B4BE571A8E34A7003F2688 /* ViewController.m */ = {isa = PBXFileReference; lastKnownFileType = sourcecode.c.objc; path = ViewController.m; sourceTree = "<group>"; };
		04B4BE5A1A8E34A7003F2688 /* Base */ = {isa = PBXFileReference; lastKnownFileType = file.storyboard; name = Base; path = Base.lproj/Main.storyboard; sourceTree = "<group>"; };
		04B4BE5C1A8E34A7003F2688 /* Images.xcassets */ = {isa = PBXFileReference; lastKnownFileType = folder.assetcatalog; path = Images.xcassets; sourceTree = "<group>"; };
		04B4BE5F1A8E34A7003F2688 /* Base */ = {isa = PBXFileReference; lastKnownFileType = file.xib; name = Base; path = Base.lproj/LaunchScreen.xib; sourceTree = "<group>"; };
		04B4BE651A8E34A7003F2688 /* nilprojectTests.xctest */ = {isa = PBXFileReference; explicitFileType = wrapper.cfbundle; includeInIndex = 0; path = nilprojectTests.xctest; sourceTree = BUILT_PRODUCTS_DIR; };
		04B4BE6A1A8E34A7003F2688 /* Info.plist */ = {isa = PBXFileReference; lastKnownFileType = text.plist.xml; path = Info.plist; sourceTree = "<group>"; };
		04B4BE6B1A8E34A7003F2688 /* nilprojectTests.m */ = {isa = PBXFileReference; lastKnownFileType = sourcecode.c.objc; path = nilprojectTests.m; sourceTree = "<group>"; };
/* End PBXFileReference section */

/* Begin PBXFrameworksBuildPhase section */
		04B4BE491A8E34A7003F2688 /* Frameworks */ = {
			isa = PBXFrameworksBuildPhase;
			buildActionMask = 2147483647;
			files = (
			);
			runOnlyForDeploymentPostprocessing = 0;
		};
		04B4BE621A8E34A7003F2688 /* Frameworks */ = {
			isa = PBXFrameworksBuildPhase;
			buildActionMask = 2147483647;
			files = (
			);
			runOnlyForDeploymentPostprocessing = 0;
		};
/* End PBXFrameworksBuildPhase section */

/* Begin PBXGroup section */
		04B4BE431A8E34A7003F2688 = {
			isa = PBXGroup;
			children = (
				04B4BE4E1A8E34A7003F2688 /* nilproject */,
				04B4BE681A8E34A7003F2688 /* nilprojectTests */,
				04B4BE4D1A8E34A7003F2688 /* Products */,
			);
			sourceTree = "<group>";
		};
		04B4BE4D1A8E34A7003F2688 /* Products */ = {
			isa = PBXGroup;
			children = (
				04B4BE4C1A8E34A7003F2688 /* nilproject.app */,
				04B4BE651A8E34A7003F2688 /* nilprojectTests.xctest */,
			);
			name = Products;
			sourceTree = "<group>";
		};
		04B4BE4E1A8E34A7003F2688 /* nilproject */ = {
			isa = PBXGroup;
			children = (
				04B4BE531A8E34A7003F2688 /* AppDelegate.h */,
				04B4BE541A8E34A7003F2688 /* AppDelegate.m */,
				04B4BE561A8E34A7003F2688 /* ViewController.h */,
				04B4BE571A8E34A7003F2688 /* ViewController.m */,
				04B4BE591A8E34A7003F2688 /* Main.storyboard */,
				04B4BE5C1A8E34A7003F2688 /* Images.xcassets */,
				04B4BE5E1A8E34A7003F2688 /* LaunchScreen.xib */,
				04B4BE4F1A8E34A7003F2688 /* Supporting Files */,
			);
			path = nilproject;
			sourceTree = "<group>";
		};
		04B4BE4F1A8E34A7003F2688 /* Supporting Files */ = {
			isa = PBXGroup;
			children = (
				04B4BE501A8E34A7003F2688 /* Info.plist */,
				04B4BE511A8E34A7003F2688 /* main.m */,
			);
			name = "Supporting Files";
			sourceTree = "<group>";
		};
		04B4BE681A8E34A7003F2688 /* nilprojectTests */ = {
			isa = PBXGroup;
			children = (
				04B4BE6B1A8E34A7003F2688 /* nilprojectTests.m */,
				04B4BE691A8E34A7003F2688 /* Supporting Files */,
			);
			path = nilprojectTests;
			sourceTree = "<group>";
		};
		04B4BE691A8E34A7003F2688 /* Supporting Files */ = {
			isa = PBXGroup;
			children = (
				04B4BE6A1A8E34A7003F2688 /* Info.plist */,
			);
			name = "Supporting Files";
			sourceTree = "<group>";
		};
/* End PBXGroup section */

/* Begin PBXNativeTarget section */
		04B4BE4B1A8E34A7003F2688 /* nilproject */ = {
			isa = PBXNativeTarget;
			buildConfigurationList = 04B4BE6F1A8E34A7003F2688 /* Build configuration list for PBXNativeTarget "nilproject" */;
			buildPhases = (
				04B4BE481A8E34A7003F2688 /* Sources */,
				04B4BE491A8E34A7003F2688 /* Frameworks */,
				04B4BE4A1A8E34A7003F2688 /* Resources */,
			);
			buildRules = (
			);
			dependencies = (
			);
			name = nilproject;
			productName = nilproject;
			productReference = 04B4BE4C1A8E34A7003F2688 /* nilproject.app */;
			productType = "com.apple.product-type.application";
		};
		04B4BE641A8E34A7003F2688 /* nilprojectTests */ = {
			isa = PBXNativeTarget;
			buildConfigurationList = 04B4BE721A8E34A7003F2688 /* Build configuration list for PBXNativeTarget "nilprojectTests" */;
			buildPhases = (
				04B4BE611A8E34A7003F2688 /* Sources */,
				04B4BE621A8E34A7003F2688 /* Frameworks */,
				04B4BE631A8E34A7003F2688 /* Resources */,
			);
			buildRules = (
			);
			dependencies = (
				04B4BE671A8E34A7003F2688 /* PBXTargetDependency */,
			);
			name = nilprojectTests;
			productName = nilprojectTests;
			productReference = 04B4BE651A8E34A7003F2688 /* nilprojectTests.xctest */;
			productType = "com.apple.product-type.bundle.unit-test";
		};
/* End PBXNativeTarget section */

/* Begin PBXProject section */
		04B4BE441A8E34A7003F2688 /* Project object */ = {
			isa = PBXProject;
			attributes = {
				LastUpgradeCheck = 0610;
				ORGANIZATIONNAME = mac;
				TargetAttributes = {
					04B4BE4B1A8E34A7003F2688 = {
						CreatedOnToolsVersion = 6.1.1;
					};
					04B4BE641A8E34A7003F2688 = {
						CreatedOnToolsVersion = 6.1.1;
						TestTargetID = 04B4BE4B1A8E34A7003F2688;
					};
				};
			};
			buildConfigurationList = 04B4BE471A8E34A7003F2688 /* Build configuration list for PBXProject "nilproject" */;
			compatibilityVersion = "Xcode 3.2";
			developmentRegion = English;
			hasScannedForEncodings = 0;
			knownRegions = (
				en,
				Base,
			);
			mainGroup = 04B4BE431A8E34A7003F2688;
			productRefGroup = 04B4BE4D1A8E34A7003F2688 /* Products */;
			projectDirPath = "";
			projectRoot = "";
			targets = (
				04B4BE4B1A8E34A7003F2688 /* nilproject */,
				04B4BE641A8E34A7003F2688 /* nilprojectTests */,
			);
		};
/* End PBXProject section */

/* Begin PBXResourcesBuildPhase section */
		04B4BE4A1A8E34A7003F2688 /* Resources */ = {
			isa = PBXResourcesBuildPhase;
			buildActionMask = 2147483647;
			files = (
				04B4BE5B1A8E34A7003F2688 /* Main.storyboard in Resources */,
				04B4BE601A8E34A7003F2688 /* LaunchScreen.xib in Resources */,
				04B4BE5D1A8E34A7003F2688 /* Images.xcassets in Resources */,
			);
			runOnlyForDeploymentPostprocessing = 0;
		};
		04B4BE631A8E34A7003F2688 /* Resources */ = {
			isa = PBXResourcesBuildPhase;
			buildActionMask = 2147483647;
			files = (
			);
			runOnlyForDeploymentPostprocessing = 0;
		};
/* End PBXResourcesBuildPhase section */

/* Begin PBXSourcesBuildPhase section */
		04B4BE481A8E34A7003F2688 /* Sources */ = {
			isa = PBXSourcesBuildPhase;
			buildActionMask = 2147483647;
			files = (
				04B4BE581A8E34A7003F2688 /* ViewController.m in Sources */,
				04B4BE551A8E34A7003F2688 /* AppDelegate.m in Sources */,
				04B4BE521A8E34A7003F2688 /* main.m in Sources */,
			);
			runOnlyForDeploymentPostprocessing = 0;
		};
		04B4BE611A8E34A7003F2688 /* Sources */ = {
			isa = PBXSourcesBuildPhase;
			buildActionMask = 2147483647;
			files = (
				04B4BE6C1A8E34A7003F2688 /* nilprojectTests.m in Sources */,
			);
			runOnlyForDeploymentPostprocessing = 0;
		};
/* End PBXSourcesBuildPhase section */

/* Begin PBXTargetDependency section */
		04B4BE671A8E34A7003F2688 /* PBXTargetDependency */ = {
			isa = PBXTargetDependency;
			target = 04B4BE4B1A8E34A7003F2688 /* nilproject */;
			targetProxy = 04B4BE661A8E34A7003F2688 /* PBXContainerItemProxy */;
		};
/* End PBXTargetDependency section */

/* Begin PBXVariantGroup section */
		04B4BE591A8E34A7003F2688 /* Main.storyboard */ = {
			isa = PBXVariantGroup;
			children = (
				04B4BE5A1A8E34A7003F2688 /* Base */,
			);
			name = Main.storyboard;
			sourceTree = "<group>";
		};
		04B4BE5E1A8E34A7003F2688 /* LaunchScreen.xib */ = {
			isa = PBXVariantGroup;
			children = (
				04B4BE5F1A8E34A7003F2688 /* Base */,
			);
			name = LaunchScreen.xib;
			sourceTree = "<group>";
		};
/* End PBXVariantGroup section */

/* Begin XCBuildConfiguration section */
		04B4BE6D1A8E34A7003F2688 /* Debug */ = {
			isa = XCBuildConfiguration;
			buildSettings = {
				ALWAYS_SEARCH_USER_PATHS = NO;
				CLANG_CXX_LANGUAGE_STANDARD = "gnu++0x";
				CLANG_CXX_LIBRARY = "libc++";
				CLANG_ENABLE_MODULES = YES;
				CLANG_ENABLE_OBJC_ARC = YES;
				CLANG_WARN_BOOL_CONVERSION = YES;
				CLANG_WARN_CONSTANT_CONVERSION = YES;
				CLANG_WARN_DIRECT_OBJC_ISA_USAGE = YES_ERROR;
				CLANG_WARN_EMPTY_BODY = YES;
				CLANG_WARN_ENUM_CONVERSION = YES;
				CLANG_WARN_INT_CONVERSION = YES;
				CLANG_WARN_OBJC_ROOT_CLASS = YES_ERROR;
				CLANG_WARN_UNREACHABLE_CODE = YES;
				CLANG_WARN__DUPLICATE_METHOD_MATCH = YES;
				"CODE_SIGN_IDENTITY[sdk=iphoneos*]" = "iPhone Developer";
				COPY_PHASE_STRIP = NO;
				ENABLE_STRICT_OBJC_MSGSEND = YES;
				GCC_C_LANGUAGE_STANDARD = gnu99;
				GCC_DYNAMIC_NO_PIC = NO;
				GCC_OPTIMIZATION_LEVEL = 0;
				GCC_PREPROCESSOR_DEFINITIONS = (
					"DEBUG=1",
					"$(inherited)",
				);
				GCC_SYMBOLS_PRIVATE_EXTERN = NO;
				GCC_WARN_64_TO_32_BIT_CONVERSION = YES;
				GCC_WARN_ABOUT_RETURN_TYPE = YES_ERROR;
				GCC_WARN_UNDECLARED_SELECTOR = YES;
				GCC_WARN_UNINITIALIZED_AUTOS = YES_AGGRESSIVE;
				GCC_WARN_UNUSED_FUNCTION = YES;
				GCC_WARN_UNUSED_VARIABLE = YES;
				IPHONEOS_DEPLOYMENT_TARGET = 8.1;
				MTL_ENABLE_DEBUG_INFO = YES;
				ONLY_ACTIVE_ARCH = YES;
				SDKROOT = iphoneos;
			};
			name = Debug;
		};
		04B4BE6E1A8E34A7003F2688 /* Release */ = {
			isa = XCBuildConfiguration;
			buildSettings = {
				ALWAYS_SEARCH_USER_PATHS = NO;
				CLANG_CXX_LANGUAGE_STANDARD = "gnu++0x";
				CLANG_CXX_LIBRARY = "libc++";
				CLANG_ENABLE_MODULES = YES;
				CLANG_ENABLE_OBJC_ARC = YES;
				CLANG_WARN_BOOL_CONVERSION = YES;
				CLANG_WARN_CONSTANT_CONVERSION = YES;
				CLANG_WARN_DIRECT_OBJC_ISA_USAGE = YES_ERROR;
				CLANG_WARN_EMPTY_BODY = YES;
				CLANG_WARN_ENUM_CONVERSION = YES;
				CLANG_WARN_INT_CONVERSION = YES;
				CLANG_WARN_OBJC_ROOT_CLASS = YES_ERROR;
				CLANG_WARN_UNREACHABLE_CODE = YES;
				CLANG_WARN__DUPLICATE_METHOD_MATCH = YES;
				"CODE_SIGN_IDENTITY[sdk=iphoneos*]" = "iPhone Developer";
				COPY_PHASE_STRIP = YES;
				ENABLE_NS_ASSERTIONS = NO;
				ENABLE_STRICT_OBJC_MSGSEND = YES;
				GCC_C_LANGUAGE_STANDARD = gnu99;
				GCC_WARN_64_TO_32_BIT_CONVERSION = YES;
				GCC_WARN_ABOUT_RETURN_TYPE = YES_ERROR;
				GCC_WARN_UNDECLARED_SELECTOR = YES;
				GCC_WARN_UNINITIALIZED_AUTOS = YES_AGGRESSIVE;
				GCC_WARN_UNUSED_FUNCTION = YES;
				GCC_WARN_UNUSED_VARIABLE = YES;
				IPHONEOS_DEPLOYMENT_TARGET = 8.1;
				MTL_ENABLE_DEBUG_INFO = NO;
				SDKROOT = iphoneos;
				VALIDATE_PRODUCT = YES;
			};
			name = Release;
		};
		04B4BE701A8E34A7003F2688 /* Debug */ = {
			isa = XCBuildConfiguration;
			buildSettings = {
				ASSETCATALOG_COMPILER_APPICON_NAME = AppIcon;
				INFOPLIST_FILE = nilproject/Info.plist;
				LD_RUNPATH_SEARCH_PATHS = "$(inherited) @executable_path/Frameworks";
				PRODUCT_NAME = "$(TARGET_NAME)";
			};
			name = Debug;
		};
		04B4BE711A8E34A7003F2688 /* Release */ = {
			isa = XCBuildConfiguration;
			buildSettings = {
				ASSETCATALOG_COMPILER_APPICON_NAME = AppIcon;
				INFOPLIST_FILE = nilproject/Info.plist;
				LD_RUNPATH_SEARCH_PATHS = "$(inherited) @executable_path/Frameworks";
				PRODUCT_NAME = "$(TARGET_NAME)";
			};
			name = Release;
		};
		04B4BE731A8E34A7003F2688 /* Debug */ = {
			isa = XCBuildConfiguration;
			buildSettings = {
				BUNDLE_LOADER = "$(TEST_HOST)";
				FRAMEWORK_SEARCH_PATHS = (
					"$(SDKROOT)/Developer/Library/Frameworks",
					"$(inherited)",
				);
				GCC_PREPROCESSOR_DEFINITIONS = (
					"DEBUG=1",
					"$(inherited)",
				);
				INFOPLIST_FILE = nilprojectTests/Info.plist;
				LD_RUNPATH_SEARCH_PATHS = "$(inherited) @executable_path/Frameworks @loader_path/Frameworks";
				PRODUCT_NAME = "$(TARGET_NAME)";
				TEST_HOST = "$(BUILT_PRODUCTS_DIR)/nilproject.app/nilproject";
			};
			name = Debug;
		};
		04B4BE741A8E34A7003F2688 /* Release */ = {
			isa = XCBuildConfiguration;
			buildSettings = {
				BUNDLE_LOADER = "$(TEST_HOST)";
				FRAMEWORK_SEARCH_PATHS = (
					"$(SDKROOT)/Developer/Library/Frameworks",
					"$(inherited)",
				);
				INFOPLIST_FILE = nilprojectTests/Info.plist;
				LD_RUNPATH_SEARCH_PATHS = "$(inherited) @executable_path/Frameworks @loader_path/Frameworks";
				PRODUCT_NAME = "$(TARGET_NAME)";
				TEST_HOST = "$(BUILT_PRODUCTS_DIR)/nilproject.app/nilproject";
			};
			name = Release;
		};
/* End XCBuildConfiguration section */

/* Begin XCConfigurationList section */
		04B4BE471A8E34A7003F2688 /* Build configuration list for PBXProject "nilproject" */ = {
			isa = XCConfigurationList;
			buildConfigurations = (
				04B4BE6D1A8E34A7003F2688 /* Debug */,
				04B4BE6E1A8E34A7003F2688 /* Release */,
			);
			defaultConfigurationIsVisible = 0;
			defaultConfigurationName = Release;
		};
		04B4BE6F1A8E34A7003F2688 /* Build configuration list for PBXNativeTarget "nilproject" */ = {
			isa = XCConfigurationList;
			buildConfigurations = (
				04B4BE701A8E34A7003F2688 /* Debug */,
				04B4BE711A8E34A7003F2688 /* Release */,
			);
			defaultConfigurationIsVisible = 0;
		};
		04B4BE721A8E34A7003F2688 /* Build configuration list for PBXNativeTarget "nilprojectTests" */ = {
			isa = XCConfigurationList;
			buildConfigurations = (
				04B4BE731A8E34A7003F2688 /* Debug */,
				04B4BE741A8E34A7003F2688 /* Release */,
			);
			defaultConfigurationIsVisible = 0;
		};
/* End XCConfigurationList section */
	};
	rootObject = 04B4BE441A8E34A7003F2688 /* Project object */;
}
